github.com/OneOfOne/xxhash v1.2.2 h1:KMrpdQIwFcEqXDklaen+P1axHaj9BSKzvpUUfnHldSE=
github.com/OneOfOne/xxhash v1.2.2/go.mod h1:HSdplMjZKSmBqAxg5vPj2TmRDmfkzw+cTzAElWljhcU=
github.com/cespare/xxhash v1.1.0 h1:a6HrQnmkObjyL+Gs60czilIUGqrzKutQD6XZog3p+ko=
github.com/cespare/xxhash v1.1.0/go.mod h1:XrSqR1VqqWfGrhpAt58auRo0WTKS1nRRg3ghfAqPWnc=
github.com/creachadair/cityhash v0.1.0 h1:rzSfISre5xT/EgbVvXBmsUJ58Hsrp8ccYMZVvc5uBmk=
github.com/creachadair/cityhash v0.1.0/go.mod h1:bYNmpea/cMZgL9Rjt+ZfDfjaT0hScMO6SSGV1DN5lEM=
github.com/dgryski/go-farm v0.0.0-20200201041132-a6ae2369ad13 h1:fAjc9m62+UWV/WAFKLNi6ZS0675eEUC9y3AlwSbQu1Y=
github.com/dgryski/go-farm v0.0.0-20200201041132-a6ae2369ad13/go.mod h1:SqUrOPUnsFjfmXRMNPybcSiG0BgUW2AuFH8PAnS2iTw=
github.com/leemcloughlin/gofarmhash v0.0.0-20160919192320-0a055c5b87a8 h1:cNufk+iHS/ZChvjjNI1i/ABH5pMIaKufavmiVrgu62Q=
github.com/leemcloughlin/gofarmhash v0.0.0-20160919192320-0a055c5b87a8/go.mod h1:f59bwMArqO7YmZZv21lKDV0fwP4N/vJZtL1/jv8wgaY=
github.com/minio/highwayhash v1.0.0 h1:iMSDhgUILCr0TNm8LWlSjF8N0ZIj2qbO8WHp6Q/J2BA=
github.com/minio/highwayhash v1.0.0/go.mod h1:xQboMTeM9nY9v/LlAOxFctujiv5+Aq2hR5dxBpaMbdc=
github.com/pierrec/xxHash v0.1.5 h1:n/jBpwTHiER4xYvK3/CdPVnLDPchj8eTJFFLUb4QHBo=
github.com/pierrec/xxHash v0.1.5/go.mod h1:w2waW5Zoa/Wc4Yqe0wgrIYAGKqRMf7czn2HNKXmuL+I=
github.com/smallnest/chibihash v0.0.0-20241119011146-a9d69e6aafcb h1:oxY9G7plCnvM6Tql/q/ghMUye1gNCrW0UA1TTYIN8Jg=
github.com/smallnest/chibihash v0.0.0-20241119011146-a9d69e6aafcb/go.mod h1:jxOGbpu7kGuG8NZa7HOFzfnGrrnOTpI75nAZIJ4Beyk=
github.com/spaolacci/murmur3 v0.0.0-20180118202830-f09979ecbc72/go.mod h1:JwIasOWyU6f++ZhiEuf87xNszmSA2myDM2Kzu9HwQUA=
github.com/spaolacci/murmur3 v1.1.0 h1:7c1g84S4BPRrfL5Xrdp6fOJ206sU9y293DDHaoy0bLI=
github.com/spaolacci/murmur3 v1.1.0/go.mod h1:JwIasOWyU6f++ZhiEuf87xNszmSA2myDM2Kzu9HwQUA=
golang.org/x/sys v0.0.0-20190130150945-aca44879d564 h1:o6ENHFwwr1TZ9CUPQcfo1HGvLP1OPsPOTB7xCIOPNmU=
golang.org/x/sys v0.0.0-20190130150945-aca44879d564/go.mod h1:STP8DvDyc/dI5b8T5hshtkjS+E42TnysNCUPdjciGhY=
